// !$*UTF8*$!
{
	archiveVersion = 1;
	classes = {
	};
	objectVersion = 56;
	objects = {

/* Begin PBXBuildFile section */
		DE44B81929EDC71600982D85 /* Recipe_List_App.swift in Sources */ = {isa = PBXBuildFile; fileRef = DE44B81829EDC71600982D85 /* Recipe_List_App.swift */; };
		DE44B81B29EDC71600982D85 /* RecipeView.swift in Sources */ = {isa = PBXBuildFile; fileRef = DE44B81A29EDC71600982D85 /* RecipeView.swift */; };
		DE44B81D29EDC71700982D85 /* Assets.xcassets in Resources */ = {isa = PBXBuildFile; fileRef = DE44B81C29EDC71700982D85 /* Assets.xcassets */; };
		DE44B82029EDC71700982D85 /* Preview Assets.xcassets in Resources */ = {isa = PBXBuildFile; fileRef = DE44B81F29EDC71700982D85 /* Preview Assets.xcassets */; };
		DE44B82B29EDC80A00982D85 /* recipes.json in Resources */ = {isa = PBXBuildFile; fileRef = DE44B82A29EDC80A00982D85 /* recipes.json */; };
		DE44B82F29EDCC9C00982D85 /* Rational.swift in Sources */ = {isa = PBXBuildFile; fileRef = DE44B82E29EDCC9C00982D85 /* Rational.swift */; };
		DE44B83129EDCD2100982D85 /* Constants.swift in Sources */ = {isa = PBXBuildFile; fileRef = DE44B83029EDCD2000982D85 /* Constants.swift */; };
		DE44B83329EE3BA600982D85 /* RecipeModel.swift in Sources */ = {isa = PBXBuildFile; fileRef = DE44B83229EE3BA600982D85 /* RecipeModel.swift */; };
		DE99462A29EEE1BD00586A23 /* Recipe.swift in Sources */ = {isa = PBXBuildFile; fileRef = DE99462929EEE1BD00586A23 /* Recipe.swift */; };
		DE99462C29EF0A5800586A23 /* RecipeFeaturedView.swift in Sources */ = {isa = PBXBuildFile; fileRef = DE99462B29EF0A5800586A23 /* RecipeFeaturedView.swift */; };
		DE99462E29EF0A6C00586A23 /* RecipeCategoryView.swift in Sources */ = {isa = PBXBuildFile; fileRef = DE99462D29EF0A6C00586A23 /* RecipeCategoryView.swift */; };
		DE99463029EF0A8000586A23 /* RecipeListView.swift in Sources */ = {isa = PBXBuildFile; fileRef = DE99462F29EF0A8000586A23 /* RecipeListView.swift */; };
		DE99463229EF0AB000586A23 /* RecipeDetailView.swift in Sources */ = {isa = PBXBuildFile; fileRef = DE99463129EF0AB000586A23 /* RecipeDetailView.swift */; };
		DE99463429EF0D6000586A23 /* RecipeHighlightsView.swift in Sources */ = {isa = PBXBuildFile; fileRef = DE99463329EF0D6000586A23 /* RecipeHighlightsView.swift */; };
		DE99463729EF10DC00586A23 /* TextTitleView.swift in Sources */ = {isa = PBXBuildFile; fileRef = DE99463629EF10DC00586A23 /* TextTitleView.swift */; };
/* End PBXBuildFile section */

/* Begin PBXFileReference section */
		DE44B81529EDC71600982D85 /* Recipe List App.app */ = {isa = PBXFileReference; explicitFileType = wrapper.application; includeInIndex = 0; path = "Recipe List App.app"; sourceTree = BUILT_PRODUCTS_DIR; };
		DE44B81829EDC71600982D85 /* Recipe_List_App.swift */ = {isa = PBXFileReference; lastKnownFileType = sourcecode.swift; path = Recipe_List_App.swift; sourceTree = "<group>"; };
		DE44B81A29EDC71600982D85 /* RecipeView.swift */ = {isa = PBXFileReference; lastKnownFileType = sourcecode.swift; path = RecipeView.swift; sourceTree = "<group>"; };
		DE44B81C29EDC71700982D85 /* Assets.xcassets */ = {isa = PBXFileReference; lastKnownFileType = folder.assetcatalog; path = Assets.xcassets; sourceTree = "<group>"; };
		DE44B81F29EDC71700982D85 /* Preview Assets.xcassets */ = {isa = PBXFileReference; lastKnownFileType = folder.assetcatalog; path = "Preview Assets.xcassets"; sourceTree = "<group>"; };
		DE44B82A29EDC80A00982D85 /* recipes.json */ = {isa = PBXFileReference; fileEncoding = 4; lastKnownFileType = text.json; path = recipes.json; sourceTree = "<group>"; };
		DE44B82E29EDCC9C00982D85 /* Rational.swift */ = {isa = PBXFileReference; fileEncoding = 4; lastKnownFileType = sourcecode.swift; path = Rational.swift; sourceTree = "<group>"; };
		DE44B83029EDCD2000982D85 /* Constants.swift */ = {isa = PBXFileReference; fileEncoding = 4; lastKnownFileType = sourcecode.swift; path = Constants.swift; sourceTree = "<group>"; };
		DE44B83229EE3BA600982D85 /* RecipeModel.swift */ = {isa = PBXFileReference; lastKnownFileType = sourcecode.swift; path = RecipeModel.swift; sourceTree = "<group>"; };
		DE99462929EEE1BD00586A23 /* Recipe.swift */ = {isa = PBXFileReference; lastKnownFileType = sourcecode.swift; path = Recipe.swift; sourceTree = "<group>"; };
		DE99462B29EF0A5800586A23 /* RecipeFeaturedView.swift */ = {isa = PBXFileReference; lastKnownFileType = sourcecode.swift; path = RecipeFeaturedView.swift; sourceTree = "<group>"; };
		DE99462D29EF0A6C00586A23 /* RecipeCategoryView.swift */ = {isa = PBXFileReference; lastKnownFileType = sourcecode.swift; path = RecipeCategoryView.swift; sourceTree = "<group>"; };
		DE99462F29EF0A8000586A23 /* RecipeListView.swift */ = {isa = PBXFileReference; lastKnownFileType = sourcecode.swift; path = RecipeListView.swift; sourceTree = "<group>"; };
		DE99463129EF0AB000586A23 /* RecipeDetailView.swift */ = {isa = PBXFileReference; lastKnownFileType = sourcecode.swift; path = RecipeDetailView.swift; sourceTree = "<group>"; };
		DE99463329EF0D6000586A23 /* RecipeHighlightsView.swift */ = {isa = PBXFileReference; lastKnownFileType = sourcecode.swift; path = RecipeHighlightsView.swift; sourceTree = "<group>"; };
		DE99463629EF10DC00586A23 /* TextTitleView.swift */ = {isa = PBXFileReference; lastKnownFileType = sourcecode.swift; path = TextTitleView.swift; sourceTree = "<group>"; };
/* End PBXFileReference section */

/* Begin PBXFrameworksBuildPhase section */
		DE44B81229EDC71600982D85 /* Frameworks */ = {
			isa = PBXFrameworksBuildPhase;
			buildActionMask = 2147483647;
			files = (
			);
			runOnlyForDeploymentPostprocessing = 0;
		};
/* End PBXFrameworksBuildPhase section */

/* Begin PBXGroup section */
		DE44B80C29EDC71600982D85 = {
			isa = PBXGroup;
			children = (
				DE44B81729EDC71600982D85 /* Recipe List App */,
				DE44B81629EDC71600982D85 /* Products */,
			);
			sourceTree = "<group>";
		};
		DE44B81629EDC71600982D85 /* Products */ = {
			isa = PBXGroup;
			children = (
				DE44B81529EDC71600982D85 /* Recipe List App.app */,
			);
			name = Products;
			sourceTree = "<group>";
		};
		DE44B81729EDC71600982D85 /* Recipe List App */ = {
			isa = PBXGroup;
			children = (
				DE44B81829EDC71600982D85 /* Recipe_List_App.swift */,
				DE99463529EF107200586A23 /* CustomViews */,
				DE44B82629EDC7C300982D85 /* Views */,
				DE44B82729EDC7CD00982D85 /* ViewModels */,
				DE44B82829EDC7D700982D85 /* Models */,
				DE44B82929EDC7EA00982D85 /* Data */,
				DE44B82D29EDCC6F00982D85 /* Utilities */,
				DE44B81C29EDC71700982D85 /* Assets.xcassets */,
				DE44B81E29EDC71700982D85 /* Preview Content */,
			);
			path = "Recipe List App";
			sourceTree = "<group>";
		};
		DE44B81E29EDC71700982D85 /* Preview Content */ = {
			isa = PBXGroup;
			children = (
				DE44B81F29EDC71700982D85 /* Preview Assets.xcassets */,
			);
			path = "Preview Content";
			sourceTree = "<group>";
		};
		DE44B82629EDC7C300982D85 /* Views */ = {
			isa = PBXGroup;
			children = (
				DE44B81A29EDC71600982D85 /* RecipeView.swift */,
				DE99462B29EF0A5800586A23 /* RecipeFeaturedView.swift */,
				DE99462D29EF0A6C00586A23 /* RecipeCategoryView.swift */,
				DE99462F29EF0A8000586A23 /* RecipeListView.swift */,
				DE99463129EF0AB000586A23 /* RecipeDetailView.swift */,
				DE99463329EF0D6000586A23 /* RecipeHighlightsView.swift */,
			);
			path = Views;
			sourceTree = "<group>";
		};
		DE44B82729EDC7CD00982D85 /* ViewModels */ = {
			isa = PBXGroup;
			children = (
				DE44B83229EE3BA600982D85 /* RecipeModel.swift */,
			);
			path = ViewModels;
			sourceTree = "<group>";
		};
		DE44B82829EDC7D700982D85 /* Models */ = {
			isa = PBXGroup;
			children = (
				DE99462929EEE1BD00586A23 /* Recipe.swift */,
			);
			path = Models;
			sourceTree = "<group>";
		};
		DE44B82929EDC7EA00982D85 /* Data */ = {
			isa = PBXGroup;
			children = (
				DE44B82A29EDC80A00982D85 /* recipes.json */,
			);
			path = Data;
			sourceTree = "<group>";
		};
		DE44B82D29EDCC6F00982D85 /* Utilities */ = {
			isa = PBXGroup;
			children = (
				DE44B83029EDCD2000982D85 /* Constants.swift */,
				DE44B82E29EDCC9C00982D85 /* Rational.swift */,
			);
			path = Utilities;
			sourceTree = "<group>";
		};
		DE99463529EF107200586A23 /* CustomViews */ = {
			isa = PBXGroup;
			children = (
				DE99463629EF10DC00586A23 /* TextTitleView.swift */,
			);
			path = CustomViews;
			sourceTree = "<group>";
		};
/* End PBXGroup section */

/* Begin PBXNativeTarget section */
		DE44B81429EDC71600982D85 /* Recipe List App */ = {
			isa = PBXNativeTarget;
			buildConfigurationList = DE44B82329EDC71700982D85 /* Build configuration list for PBXNativeTarget "Recipe List App" */;
			buildPhases = (
				DE44B81129EDC71600982D85 /* Sources */,
				DE44B81229EDC71600982D85 /* Frameworks */,
				DE44B81329EDC71600982D85 /* Resources */,
			);
			buildRules = (
			);
			dependencies = (
			);
			name = "Recipe List App";
			productName = "Recipe List App";
			productReference = DE44B81529EDC71600982D85 /* Recipe List App.app */;
			productType = "com.apple.product-type.application";
		};
/* End PBXNativeTarget section */

/* Begin PBXProject section */
		DE44B80D29EDC71600982D85 /* Project object */ = {
			isa = PBXProject;
			attributes = {
				BuildIndependentTargetsInParallel = 1;
				LastSwiftUpdateCheck = 1430;
				LastUpgradeCheck = 1430;
				TargetAttributes = {
					DE44B81429EDC71600982D85 = {
						CreatedOnToolsVersion = 14.3;
					};
				};
			};
			buildConfigurationList = DE44B81029EDC71600982D85 /* Build configuration list for PBXProject "Recipe List App" */;
			compatibilityVersion = "Xcode 14.0";
			developmentRegion = en;
			hasScannedForEncodings = 0;
			knownRegions = (
				en,
				Base,
			);
			mainGroup = DE44B80C29EDC71600982D85;
			productRefGroup = DE44B81629EDC71600982D85 /* Products */;
			projectDirPath = "";
			projectRoot = "";
			targets = (
				DE44B81429EDC71600982D85 /* Recipe List App */,
			);
		};
/* End PBXProject section */

/* Begin PBXResourcesBuildPhase section */
		DE44B81329EDC71600982D85 /* Resources */ = {
			isa = PBXResourcesBuildPhase;
			buildActionMask = 2147483647;
			files = (
				DE44B82029EDC71700982D85 /* Preview Assets.xcassets in Resources */,
				DE44B81D29EDC71700982D85 /* Assets.xcassets in Resources */,
				DE44B82B29EDC80A00982D85 /* recipes.json in Resources */,
			);
			runOnlyForDeploymentPostprocessing = 0;
		};
/* End PBXResourcesBuildPhase section */

/* Begin PBXSourcesBuildPhase section */
		DE44B81129EDC71600982D85 /* Sources */ = {
			isa = PBXSourcesBuildPhase;
			buildActionMask = 2147483647;
			files = (
				DE44B81B29EDC71600982D85 /* RecipeView.swift in Sources */,
				DE99463229EF0AB000586A23 /* RecipeDetailView.swift in Sources */,
				DE44B82F29EDCC9C00982D85 /* Rational.swift in Sources */,
				DE44B83329EE3BA600982D85 /* RecipeModel.swift in Sources */,
				DE99463729EF10DC00586A23 /* TextTitleView.swift in Sources */,
				DE99462C29EF0A5800586A23 /* RecipeFeaturedView.swift in Sources */,
				DE99462E29EF0A6C00586A23 /* RecipeCategoryView.swift in Sources */,
				DE99462A29EEE1BD00586A23 /* Recipe.swift in Sources */,
				DE99463429EF0D6000586A23 /* RecipeHighlightsView.swift in Sources */,
				DE99463029EF0A8000586A23 /* RecipeListView.swift in Sources */,
				DE44B81929EDC71600982D85 /* Recipe_List_App.swift in Sources */,
				DE44B83129EDCD2100982D85 /* Constants.swift in Sources */,
			);
			runOnlyForDeploymentPostprocessing = 0;
		};
/* End PBXSourcesBuildPhase section */

/* Begin XCBuildConfiguration section */
		DE44B82129EDC71700982D85 /* Debug */ = {
			isa = XCBuildConfiguration;
			buildSettings = {
				ALWAYS_SEARCH_USER_PATHS = NO;
				CLANG_ANALYZER_NONNULL = YES;
				CLANG_ANALYZER_NUMBER_OBJECT_CONVERSION = YES_AGGRESSIVE;
				CLANG_CXX_LANGUAGE_STANDARD = "gnu++20";
				CLANG_ENABLE_MODULES = YES;
				CLANG_ENABLE_OBJC_ARC = YES;
				CLANG_ENABLE_OBJC_WEAK = YES;
				CLANG_WARN_BLOCK_CAPTURE_AUTORELEASING = YES;
				CLANG_WARN_BOOL_CONVERSION = YES;
				CLANG_WARN_COMMA = YES;
				CLANG_WARN_CONSTANT_CONVERSION = YES;
				CLANG_WARN_DEPRECATED_OBJC_IMPLEMENTATIONS = YES;
				CLANG_WARN_DIRECT_OBJC_ISA_USAGE = YES_ERROR;
				CLANG_WARN_DOCUMENTATION_COMMENTS = YES;
				CLANG_WARN_EMPTY_BODY = YES;
				CLANG_WARN_ENUM_CONVERSION = YES;
				CLANG_WARN_INFINITE_RECURSION = YES;
				CLANG_WARN_INT_CONVERSION = YES;
				CLANG_WARN_NON_LITERAL_NULL_CONVERSION = YES;
				CLANG_WARN_OBJC_IMPLICIT_RETAIN_SELF = YES;
				CLANG_WARN_OBJC_LITERAL_CONVERSION = YES;
				CLANG_WARN_OBJC_ROOT_CLASS = YES_ERROR;
				CLANG_WARN_QUOTED_INCLUDE_IN_FRAMEWORK_HEADER = YES;
				CLANG_WARN_RANGE_LOOP_ANALYSIS = YES;
				CLANG_WARN_STRICT_PROTOTYPES = YES;
				CLANG_WARN_SUSPICIOUS_MOVE = YES;
				CLANG_WARN_UNGUARDED_AVAILABILITY = YES_AGGRESSIVE;
				CLANG_WARN_UNREACHABLE_CODE = YES;
				CLANG_WARN__DUPLICATE_METHOD_MATCH = YES;
				COPY_PHASE_STRIP = NO;
				DEBUG_INFORMATION_FORMAT = dwarf;
				ENABLE_STRICT_OBJC_MSGSEND = YES;
				ENABLE_TESTABILITY = YES;
				GCC_C_LANGUAGE_STANDARD = gnu11;
				GCC_DYNAMIC_NO_PIC = NO;
				GCC_NO_COMMON_BLOCKS = YES;
				GCC_OPTIMIZATION_LEVEL = 0;
				GCC_PREPROCESSOR_DEFINITIONS = (
					"DEBUG=1",
					"$(inherited)",
				);
				GCC_WARN_64_TO_32_BIT_CONVERSION = YES;
				GCC_WARN_ABOUT_RETURN_TYPE = YES_ERROR;
				GCC_WARN_UNDECLARED_SELECTOR = YES;
				GCC_WARN_UNINITIALIZED_AUTOS = YES_AGGRESSIVE;
				GCC_WARN_UNUSED_FUNCTION = YES;
				GCC_WARN_UNUSED_VARIABLE = YES;
				IPHONEOS_DEPLOYMENT_TARGET = 16.4;
				MTL_ENABLE_DEBUG_INFO = INCLUDE_SOURCE;
				MTL_FAST_MATH = YES;
				ONLY_ACTIVE_ARCH = YES;
				SDKROOT = iphoneos;
				SWIFT_ACTIVE_COMPILATION_CONDITIONS = DEBUG;
				SWIFT_OPTIMIZATION_LEVEL = "-Onone";
			};
			name = Debug;
		};
		DE44B82229EDC71700982D85 /* Release */ = {
			isa = XCBuildConfiguration;
			buildSettings = {
				ALWAYS_SEARCH_USER_PATHS = NO;
				CLANG_ANALYZER_NONNULL = YES;
				CLANG_ANALYZER_NUMBER_OBJECT_CONVERSION = YES_AGGRESSIVE;
				CLANG_CXX_LANGUAGE_STANDARD = "gnu++20";
				CLANG_ENABLE_MODULES = YES;
				CLANG_ENABLE_OBJC_ARC = YES;
				CLANG_ENABLE_OBJC_WEAK = YES;
				CLANG_WARN_BLOCK_CAPTURE_AUTORELEASING = YES;
				CLANG_WARN_BOOL_CONVERSION = YES;
				CLANG_WARN_COMMA = YES;
				CLANG_WARN_CONSTANT_CONVERSION = YES;
				CLANG_WARN_DEPRECATED_OBJC_IMPLEMENTATIONS = YES;
				CLANG_WARN_DIRECT_OBJC_ISA_USAGE = YES_ERROR;
				CLANG_WARN_DOCUMENTATION_COMMENTS = YES;
				CLANG_WARN_EMPTY_BODY = YES;
				CLANG_WARN_ENUM_CONVERSION = YES;
				CLANG_WARN_INFINITE_RECURSION = YES;
				CLANG_WARN_INT_CONVERSION = YES;
				CLANG_WARN_NON_LITERAL_NULL_CONVERSION = YES;
				CLANG_WARN_OBJC_IMPLICIT_RETAIN_SELF = YES;
				CLANG_WARN_OBJC_LITERAL_CONVERSION = YES;
				CLANG_WARN_OBJC_ROOT_CLASS = YES_ERROR;
				CLANG_WARN_QUOTED_INCLUDE_IN_FRAMEWORK_HEADER = YES;
				CLANG_WARN_RANGE_LOOP_ANALYSIS = YES;
				CLANG_WARN_STRICT_PROTOTYPES = YES;
				CLANG_WARN_SUSPICIOUS_MOVE = YES;
				CLANG_WARN_UNGUARDED_AVAILABILITY = YES_AGGRESSIVE;
				CLANG_WARN_UNREACHABLE_CODE = YES;
				CLANG_WARN__DUPLICATE_METHOD_MATCH = YES;
				COPY_PHASE_STRIP = NO;
				DEBUG_INFORMATION_FORMAT = "dwarf-with-dsym";
				ENABLE_NS_ASSERTIONS = NO;
				ENABLE_STRICT_OBJC_MSGSEND = YES;
				GCC_C_LANGUAGE_STANDARD = gnu11;
				GCC_NO_COMMON_BLOCKS = YES;
				GCC_WARN_64_TO_32_BIT_CONVERSION = YES;
				GCC_WARN_ABOUT_RETURN_TYPE = YES_ERROR;
				GCC_WARN_UNDECLARED_SELECTOR = YES;
				GCC_WARN_UNINITIALIZED_AUTOS = YES_AGGRESSIVE;
				GCC_WARN_UNUSED_FUNCTION = YES;
				GCC_WARN_UNUSED_VARIABLE = YES;
				IPHONEOS_DEPLOYMENT_TARGET = 16.4;
				MTL_ENABLE_DEBUG_INFO = NO;
				MTL_FAST_MATH = YES;
				SDKROOT = iphoneos;
				SWIFT_COMPILATION_MODE = wholemodule;
				SWIFT_OPTIMIZATION_LEVEL = "-O";
				VALIDATE_PRODUCT = YES;
			};
			name = Release;
		};
		DE44B82429EDC71700982D85 /* Debug */ = {
			isa = XCBuildConfiguration;
			buildSettings = {
				ASSETCATALOG_COMPILER_APPICON_NAME = AppIcon;
				ASSETCATALOG_COMPILER_GLOBAL_ACCENT_COLOR_NAME = AccentColor;
				CODE_SIGN_STYLE = Automatic;
				CURRENT_PROJECT_VERSION = 1;
				DEVELOPMENT_ASSET_PATHS = "\"Recipe List App/Preview Content\"";
				DEVELOPMENT_TEAM = 8MCC9LTPL7;
				ENABLE_PREVIEWS = YES;
				GENERATE_INFOPLIST_FILE = YES;
				INFOPLIST_KEY_UIApplicationSceneManifest_Generation = YES;
				INFOPLIST_KEY_UIApplicationSupportsIndirectInputEvents = YES;
				INFOPLIST_KEY_UILaunchScreen_Generation = YES;
				INFOPLIST_KEY_UISupportedInterfaceOrientations_iPad = "UIInterfaceOrientationPortrait UIInterfaceOrientationPortraitUpsideDown UIInterfaceOrientationLandscapeLeft UIInterfaceOrientationLandscapeRight";
				INFOPLIST_KEY_UISupportedInterfaceOrientations_iPhone = "UIInterfaceOrientationPortrait UIInterfaceOrientationLandscapeLeft UIInterfaceOrientationLandscapeRight";
				LD_RUNPATH_SEARCH_PATHS = (
					"$(inherited)",
					"@executable_path/Frameworks",
				);
				MARKETING_VERSION = 1.0;
				PRODUCT_BUNDLE_IDENTIFIER = "com.quevinbambasi.Recipe-List-App";
				PRODUCT_NAME = "$(TARGET_NAME)";
				SWIFT_EMIT_LOC_STRINGS = YES;
				SWIFT_VERSION = 5.0;
				TARGETED_DEVICE_FAMILY = "1,2";
			};
			name = Debug;
		};
		DE44B82529EDC71700982D85 /* Release */ = {
			isa = XCBuildConfiguration;
			buildSettings = {
				ASSETCATALOG_COMPILER_APPICON_NAME = AppIcon;
				ASSETCATALOG_COMPILER_GLOBAL_ACCENT_COLOR_NAME = AccentColor;
				CODE_SIGN_STYLE = Automatic;
				CURRENT_PROJECT_VERSION = 1;
				DEVELOPMENT_ASSET_PATHS = "\"Recipe List App/Preview Content\"";
				DEVELOPMENT_TEAM = 8MCC9LTPL7;
				ENABLE_PREVIEWS = YES;
				GENERATE_INFOPLIST_FILE = YES;
				INFOPLIST_KEY_UIApplicationSceneManifest_Generation = YES;
				INFOPLIST_KEY_UIApplicationSupportsIndirectInputEvents = YES;
				INFOPLIST_KEY_UILaunchScreen_Generation = YES;
				INFOPLIST_KEY_UISupportedInterfaceOrientations_iPad = "UIInterfaceOrientationPortrait UIInterfaceOrientationPortraitUpsideDown UIInterfaceOrientationLandscapeLeft UIInterfaceOrientationLandscapeRight";
				INFOPLIST_KEY_UISupportedInterfaceOrientations_iPhone = "UIInterfaceOrientationPortrait UIInterfaceOrientationLandscapeLeft UIInterfaceOrientationLandscapeRight";
				LD_RUNPATH_SEARCH_PATHS = (
					"$(inherited)",
					"@executable_path/Frameworks",
				);
				MARKETING_VERSION = 1.0;
				PRODUCT_BUNDLE_IDENTIFIER = "com.quevinbambasi.Recipe-List-App";
				PRODUCT_NAME = "$(TARGET_NAME)";
				SWIFT_EMIT_LOC_STRINGS = YES;
				SWIFT_VERSION = 5.0;
				TARGETED_DEVICE_FAMILY = "1,2";
			};
			name = Release;
		};
/* End XCBuildConfiguration section */

/* Begin XCConfigurationList section */
		DE44B81029EDC71600982D85 /* Build configuration list for PBXProject "Recipe List App" */ = {
			isa = XCConfigurationList;
			buildConfigurations = (
				DE44B82129EDC71700982D85 /* Debug */,
				DE44B82229EDC71700982D85 /* Release */,
			);
			defaultConfigurationIsVisible = 0;
			defaultConfigurationName = Release;
		};
		DE44B82329EDC71700982D85 /* Build configuration list for PBXNativeTarget "Recipe List App" */ = {
			isa = XCConfigurationList;
			buildConfigurations = (
				DE44B82429EDC71700982D85 /* Debug */,
				DE44B82529EDC71700982D85 /* Release */,
			);
			defaultConfigurationIsVisible = 0;
			defaultConfigurationName = Release;
		};
/* End XCConfigurationList section */
	};
	rootObject = DE44B80D29EDC71600982D85 /* Project object */;
}
